{
  "version": "5",
  "specifiers": {
    "jsr:@bobbyg603/deno-imap@*": "0.2.1"
  },
  "jsr": {
    "@bobbyg603/deno-imap@0.2.1": {
      "integrity": "d9ce65ab5cf58462c951d44beff35128649258e04e451322902a3a6c49ca9652"
    }
  },
  "workspace": {
    "packageJson": {
      "dependencies": [
        "npm:@supabase/supabase-js@^2.52.1",
        "npm:form-data@^4.0.4",
        "npm:formdata-node@^6.0.3",
        "npm:imapflow@^1.0.191"
      ]
    }
  }
}
